
Microsoft Visual Studio Solution File, Format Version 12.00
# Visual Studio Version 17
VisualStudioVersion = 17.10.35122.118
MinimumVisualStudioVersion = 10.0.40219.1
Project("{9A19103F-16F7-4668-BE54-9A1E7A4F7556}") = "烟尘记", "烟尘记.csproj", "{1F910B39-F92B-4D59-8D69-CD3785A55F42}"
EndProject
Global
	GlobalSection(SolutionConfigurationPlatforms) = preSolution
		Debug|Any CPU = Debug|Any CPU
		Release|Any CPU = Release|Any CPU
	EndGlobalSection
	GlobalSection(ProjectConfigurationPlatforms) = postSolution
		{1F910B39-F92B-4D59-8D69-CD3785A55F42}.Debug|Any CPU.ActiveCfg = Debug|Any CPU
		{1F910B39-F92B-4D59-8D69-CD3785A55F42}.Debug|Any CPU.Build.0 = Debug|Any CPU
		{1F910B39-F92B-4D59-8D69-CD3785A55F42}.Release|Any CPU.ActiveCfg = Release|Any CPU
		{1F910B39-F92B-4D59-8D69-CD3785A55F42}.Release|Any CPU.Build.0 = Release|Any CPU
	EndGlobalSection
	GlobalSection(SolutionProperties) = preSolution
		HideSolutionNode = FALSE
	EndGlobalSection
	GlobalSection(ExtensibilityGlobals) = postSolution
		SolutionGuid = {4382A9F9-B6E6-4507-B88E-62C3326E4513}
	EndGlobalSection
EndGlobal
